
Microsoft Visual Studio Solution File, Format Version 12.00
# Visual Studio Version 16
VisualStudioVersion = 16.0.28803.156
MinimumVisualStudioVersion = 10.0.40219.1
Project("{FAE04EC0-301F-11D3-BF4B-00C04F79EFBC}") = "NSight-HUD-Launcher", "NSight-HUD-Launcher\NSight-HUD-Launcher.csproj", "{2485B6E3-B3F2-434D-92E0-59AEE4A6E88F}"
EndProject
Global
	GlobalSection(SolutionConfigurationPlatforms) = preSolution
		Debug|Any CPU = Debug|Any CPU
		Release|Any CPU = Release|Any CPU
	EndGlobalSection
	GlobalSection(ProjectConfigurationPlatforms) = postSolution
		{2485B6E3-B3F2-434D-92E0-59AEE4A6E88F}.Debug|Any CPU.ActiveCfg = Debug|Any CPU
		{2485B6E3-B3F2-434D-92E0-59AEE4A6E88F}.Debug|Any CPU.Build.0 = Debug|Any CPU
		{2485B6E3-B3F2-434D-92E0-59AEE4A6E88F}.Release|Any CPU.ActiveCfg = Release|Any CPU
		{2485B6E3-B3F2-434D-92E0-59AEE4A6E88F}.Release|Any CPU.Build.0 = Release|Any CPU
	EndGlobalSection
	GlobalSection(SolutionProperties) = preSolution
		HideSolutionNode = FALSE
	EndGlobalSection
	GlobalSection(ExtensibilityGlobals) = postSolution
		SolutionGuid = {0533E932-31B2-4639-9475-30FD9E16835D}
	EndGlobalSection
EndGlobal
